
Microsoft Visual Studio Solution File, Format Version 12.00
# Visual Studio Version 17
VisualStudioVersion = 17.13.35931.197
MinimumVisualStudioVersion = 10.0.40219.1
Project("{FAE04EC0-301F-11D3-BF4B-00C04F79EFBC}") = "BlazorDataSetView", "BlazorDataSetView\BlazorDataSetView.csproj", "{2C5C4308-7E8E-40C0-A0EF-62A8AEF8979A}"
EndProject
Project("{FAE04EC0-301F-11D3-BF4B-00C04F79EFBC}") = "BlazorDataSetViewExamples", "BlazorDataSetViewExamples\BlazorDataSetViewExamples.csproj", "{1C9E61C3-E94E-407C-A932-A0DFB2F8E778}"
EndProject
Global
	GlobalSection(SolutionConfigurationPlatforms) = preSolution
		Debug|Any CPU = Debug|Any CPU
		Release|Any CPU = Release|Any CPU
	EndGlobalSection
	GlobalSection(ProjectConfigurationPlatforms) = postSolution
		{2C5C4308-7E8E-40C0-A0EF-62A8AEF8979A}.Debug|Any CPU.ActiveCfg = Debug|Any CPU
		{2C5C4308-7E8E-40C0-A0EF-62A8AEF8979A}.Debug|Any CPU.Build.0 = Debug|Any CPU
		{2C5C4308-7E8E-40C0-A0EF-62A8AEF8979A}.Release|Any CPU.ActiveCfg = Release|Any CPU
		{2C5C4308-7E8E-40C0-A0EF-62A8AEF8979A}.Release|Any CPU.Build.0 = Release|Any CPU
		{1C9E61C3-E94E-407C-A932-A0DFB2F8E778}.Debug|Any CPU.ActiveCfg = Debug|Any CPU
		{1C9E61C3-E94E-407C-A932-A0DFB2F8E778}.Debug|Any CPU.Build.0 = Debug|Any CPU
		{1C9E61C3-E94E-407C-A932-A0DFB2F8E778}.Release|Any CPU.ActiveCfg = Release|Any CPU
		{1C9E61C3-E94E-407C-A932-A0DFB2F8E778}.Release|Any CPU.Build.0 = Release|Any CPU
	EndGlobalSection
	GlobalSection(SolutionProperties) = preSolution
		HideSolutionNode = FALSE
	EndGlobalSection
	GlobalSection(ExtensibilityGlobals) = postSolution
		SolutionGuid = {E047C58D-F973-4154-BE61-B3A3E59C16F1}
	EndGlobalSection
EndGlobal
